// !$*UTF8*$!
{
	archiveVersion = 1;
	classes = {
	};
	objectVersion = 51;
	objects = {

/* Begin PBXBuildFile section */
		3F0F7911242D4959002C5DFE /* OrangemeterView.swift in Sources */ = {isa = PBXBuildFile; fileRef = 3F0F7910242D4959002C5DFE /* OrangemeterView.swift */; };
		3F1E98AD2425E57A0092375E /* RocketView.swift in Sources */ = {isa = PBXBuildFile; fileRef = 3F1E98AC2425E57A0092375E /* RocketView.swift */; };
		3F1E98AF24272F330092375E /* CarouselView.swift in Sources */ = {isa = PBXBuildFile; fileRef = 3F1E98AE24272F330092375E /* CarouselView.swift */; };
		3F1E98B124281B1C0092375E /* ModalView.swift in Sources */ = {isa = PBXBuildFile; fileRef = 3F1E98B024281B1C0092375E /* ModalView.swift */; };
		3F1E98B324284B6A0092375E /* TriggerButtonView.swift in Sources */ = {isa = PBXBuildFile; fileRef = 3F1E98B224284B6A0092375E /* TriggerButtonView.swift */; };
		3F294035241EE69B006C346E /* BGView.swift in Sources */ = {isa = PBXBuildFile; fileRef = 3F294034241EE69B006C346E /* BGView.swift */; };
		3F497B8E2440FC7200AC45D1 /* SplashScreenView.swift in Sources */ = {isa = PBXBuildFile; fileRef = 3F497B8D2440FC7200AC45D1 /* SplashScreenView.swift */; };
		3F56E9A324201CCC002C7010 /* Circle2View.swift in Sources */ = {isa = PBXBuildFile; fileRef = 3F56E9A224201CCC002C7010 /* Circle2View.swift */; };
		3F56E9A524214CC3002C7010 /* ButtonConfView.swift in Sources */ = {isa = PBXBuildFile; fileRef = 3F56E9A424214CC3002C7010 /* ButtonConfView.swift */; };
		3F64AA64243392B900D6F3DF /* PopUpView.swift in Sources */ = {isa = PBXBuildFile; fileRef = 3F64AA63243392B900D6F3DF /* PopUpView.swift */; };
		3F67D71824352BE00094421B /* GameKit.framework in Frameworks */ = {isa = PBXBuildFile; fileRef = 3F67D71724352BE00094421B /* GameKit.framework */; };
		3F67D71A243537770094421B /* ShowRankings.swift in Sources */ = {isa = PBXBuildFile; fileRef = 3F67D719243537770094421B /* ShowRankings.swift */; };
		3F6D9521241DA72800684229 /* MenuView.swift in Sources */ = {isa = PBXBuildFile; fileRef = 3F6D9520241DA72800684229 /* MenuView.swift */; };
		3FF59579241DB94700143510 /* GameView.swift in Sources */ = {isa = PBXBuildFile; fileRef = 3FF59578241DB94700143510 /* GameView.swift */; };
		3FF5957B241DBCD800143510 /* ViewController.swift in Sources */ = {isa = PBXBuildFile; fileRef = 3FF5957A241DBCD800143510 /* ViewController.swift */; };
		58BC1590BAE0981C3E59C05B /* Pods_nanochallenge04.framework in Frameworks */ = {isa = PBXBuildFile; fileRef = 526EA79EF71283E191DE39B0 /* Pods_nanochallenge04.framework */; };
		F93C7E1C2423BC620098FFB5 /* ambience.wav in Resources */ = {isa = PBXBuildFile; fileRef = F93C7E1A2423BC620098FFB5 /* ambience.wav */; };
		F93C7E1D2423BC620098FFB5 /* pads.wav in Resources */ = {isa = PBXBuildFile; fileRef = F93C7E1B2423BC620098FFB5 /* pads.wav */; };
		F958DC9C2412D271007FECFE /* Player.swift in Sources */ = {isa = PBXBuildFile; fileRef = F958DC9B2412D271007FECFE /* Player.swift */; };
		F958DC9E2412DC5D007FECFE /* Protocols.swift in Sources */ = {isa = PBXBuildFile; fileRef = F958DC9D2412DC5D007FECFE /* Protocols.swift */; };
		F96D5ABF243557BE008D328F /* FireEmitter.sks in Resources */ = {isa = PBXBuildFile; fileRef = F96D5ABE243557BE008D328F /* FireEmitter.sks */; };
		F96D5AC324355C32008D328F /* Assets.xcassets in Resources */ = {isa = PBXBuildFile; fileRef = F96D5AC124355C32008D328F /* Assets.xcassets */; };
		F98D33EA241022E900A12F15 /* AppDelegate.swift in Sources */ = {isa = PBXBuildFile; fileRef = F98D33E9241022E900A12F15 /* AppDelegate.swift */; };
		F98D33EC241022E900A12F15 /* GameScene.sks in Resources */ = {isa = PBXBuildFile; fileRef = F98D33EB241022E900A12F15 /* GameScene.sks */; };
		F98D33EE241022E900A12F15 /* Actions.sks in Resources */ = {isa = PBXBuildFile; fileRef = F98D33ED241022E900A12F15 /* Actions.sks */; };
		F98D33F0241022E900A12F15 /* GameScene.swift in Sources */ = {isa = PBXBuildFile; fileRef = F98D33EF241022E900A12F15 /* GameScene.swift */; };
		F98D33F2241022E900A12F15 /* GameViewController.swift in Sources */ = {isa = PBXBuildFile; fileRef = F98D33F1241022E900A12F15 /* GameViewController.swift */; };
		F98D33F5241022E900A12F15 /* Main.storyboard in Resources */ = {isa = PBXBuildFile; fileRef = F98D33F3241022E900A12F15 /* Main.storyboard */; };
		F98D33F7241022EB00A12F15 /* Assets.xcassets in Resources */ = {isa = PBXBuildFile; fileRef = F98D33F6241022EB00A12F15 /* Assets.xcassets */; };
		F98D33FA241022EB00A12F15 /* LaunchScreen.storyboard in Resources */ = {isa = PBXBuildFile; fileRef = F98D33F8241022EB00A12F15 /* LaunchScreen.storyboard */; };
		F9AC8210243294280010F7C3 /* Meteor.swift in Sources */ = {isa = PBXBuildFile; fileRef = F9AC820F243294280010F7C3 /* Meteor.swift */; };
		F9EBD9C42431868E008ABAD6 /* Powerup.swift in Sources */ = {isa = PBXBuildFile; fileRef = F9EBD9C32431868E008ABAD6 /* Powerup.swift */; };
		F9EEDD86241AAB9400AB586C /* Rock.swift in Sources */ = {isa = PBXBuildFile; fileRef = F9EEDD85241AAB9400AB586C /* Rock.swift */; };
		F9EEDD88241AC5B500AB586C /* Star.swift in Sources */ = {isa = PBXBuildFile; fileRef = F9EEDD87241AC5B400AB586C /* Star.swift */; };
		F9EEDD8E241D5CBF00AB586C /* Stars.sks in Resources */ = {isa = PBXBuildFile; fileRef = F9EEDD8C241D5CBF00AB586C /* Stars.sks */; };
		F9EEDD8F241D5CBF00AB586C /* Assets.xcassets in Resources */ = {isa = PBXBuildFile; fileRef = F9EEDD8D241D5CBF00AB586C /* Assets.xcassets */; };
		F9EEDD93241DC19E00AB586C /* nulshock.ttf in Resources */ = {isa = PBXBuildFile; fileRef = F9EEDD91241DC19E00AB586C /* nulshock.ttf */; };
		F9F5300624181B9300276183 /* GameBackground.swift in Sources */ = {isa = PBXBuildFile; fileRef = F9F5300524181B9300276183 /* GameBackground.swift */; };
		F9F530082418212600276183 /* ContactMask.swift in Sources */ = {isa = PBXBuildFile; fileRef = F9F530072418212600276183 /* ContactMask.swift */; };
		F9F5300C2419656900276183 /* Wall.swift in Sources */ = {isa = PBXBuildFile; fileRef = F9F5300B2419656900276183 /* Wall.swift */; };
		F9FA492A242C162C000E16C9 /* Audiowide-Regular.ttf in Resources */ = {isa = PBXBuildFile; fileRef = F9FA4929242C162C000E16C9 /* Audiowide-Regular.ttf */; };
		F9FA492E242D3796000E16C9 /* Orange.swift in Sources */ = {isa = PBXBuildFile; fileRef = F9FA492D242D3796000E16C9 /* Orange.swift */; };
/* End PBXBuildFile section */

/* Begin PBXFileReference section */
		3F0F7910242D4959002C5DFE /* OrangemeterView.swift */ = {isa = PBXFileReference; lastKnownFileType = sourcecode.swift; path = OrangemeterView.swift; sourceTree = "<group>"; };
		3F1E98AC2425E57A0092375E /* RocketView.swift */ = {isa = PBXFileReference; lastKnownFileType = sourcecode.swift; path = RocketView.swift; sourceTree = "<group>"; };
		3F1E98AE24272F330092375E /* CarouselView.swift */ = {isa = PBXFileReference; lastKnownFileType = sourcecode.swift; path = CarouselView.swift; sourceTree = "<group>"; };
		3F1E98B024281B1C0092375E /* ModalView.swift */ = {isa = PBXFileReference; lastKnownFileType = sourcecode.swift; path = ModalView.swift; sourceTree = "<group>"; };
		3F1E98B224284B6A0092375E /* TriggerButtonView.swift */ = {isa = PBXFileReference; lastKnownFileType = sourcecode.swift; path = TriggerButtonView.swift; sourceTree = "<group>"; };
		3F294034241EE69B006C346E /* BGView.swift */ = {isa = PBXFileReference; lastKnownFileType = sourcecode.swift; path = BGView.swift; sourceTree = "<group>"; };
		3F497B8D2440FC7200AC45D1 /* SplashScreenView.swift */ = {isa = PBXFileReference; lastKnownFileType = sourcecode.swift; path = SplashScreenView.swift; sourceTree = "<group>"; };
		3F56E9A224201CCC002C7010 /* Circle2View.swift */ = {isa = PBXFileReference; lastKnownFileType = sourcecode.swift; path = Circle2View.swift; sourceTree = "<group>"; };
		3F56E9A424214CC3002C7010 /* ButtonConfView.swift */ = {isa = PBXFileReference; lastKnownFileType = sourcecode.swift; path = ButtonConfView.swift; sourceTree = "<group>"; };
		3F64AA63243392B900D6F3DF /* PopUpView.swift */ = {isa = PBXFileReference; lastKnownFileType = sourcecode.swift; path = PopUpView.swift; sourceTree = "<group>"; };
		3F67D71724352BE00094421B /* GameKit.framework */ = {isa = PBXFileReference; lastKnownFileType = wrapper.framework; name = GameKit.framework; path = System/Library/Frameworks/GameKit.framework; sourceTree = SDKROOT; };
		3F67D719243537770094421B /* ShowRankings.swift */ = {isa = PBXFileReference; lastKnownFileType = sourcecode.swift; path = ShowRankings.swift; sourceTree = "<group>"; };
		3F6D9520241DA72800684229 /* MenuView.swift */ = {isa = PBXFileReference; lastKnownFileType = sourcecode.swift; path = MenuView.swift; sourceTree = "<group>"; };
		3FF59578241DB94700143510 /* GameView.swift */ = {isa = PBXFileReference; lastKnownFileType = sourcecode.swift; path = GameView.swift; sourceTree = "<group>"; };
		3FF5957A241DBCD800143510 /* ViewController.swift */ = {isa = PBXFileReference; lastKnownFileType = sourcecode.swift; path = ViewController.swift; sourceTree = "<group>"; };
		526EA79EF71283E191DE39B0 /* Pods_nanochallenge04.framework */ = {isa = PBXFileReference; explicitFileType = wrapper.framework; includeInIndex = 0; path = Pods_nanochallenge04.framework; sourceTree = BUILT_PRODUCTS_DIR; };
		740AF3A80EBE6C533C13857B /* Pods-nanochallenge04.release.xcconfig */ = {isa = PBXFileReference; includeInIndex = 1; lastKnownFileType = text.xcconfig; name = "Pods-nanochallenge04.release.xcconfig"; path = "Target Support Files/Pods-nanochallenge04/Pods-nanochallenge04.release.xcconfig"; sourceTree = "<group>"; };
		92EC8D94F85C454752762AA9 /* Pods-nanochallenge04.debug.xcconfig */ = {isa = PBXFileReference; includeInIndex = 1; lastKnownFileType = text.xcconfig; name = "Pods-nanochallenge04.debug.xcconfig"; path = "Target Support Files/Pods-nanochallenge04/Pods-nanochallenge04.debug.xcconfig"; sourceTree = "<group>"; };
		F93C7E1A2423BC620098FFB5 /* ambience.wav */ = {isa = PBXFileReference; lastKnownFileType = audio.wav; path = ambience.wav; sourceTree = "<group>"; };
		F93C7E1B2423BC620098FFB5 /* pads.wav */ = {isa = PBXFileReference; lastKnownFileType = audio.wav; path = pads.wav; sourceTree = "<group>"; };
		F958DC9B2412D271007FECFE /* Player.swift */ = {isa = PBXFileReference; lastKnownFileType = sourcecode.swift; path = Player.swift; sourceTree = "<group>"; };
		F958DC9D2412DC5D007FECFE /* Protocols.swift */ = {isa = PBXFileReference; lastKnownFileType = sourcecode.swift; path = Protocols.swift; sourceTree = "<group>"; };
		F96D5ABE243557BE008D328F /* FireEmitter.sks */ = {isa = PBXFileReference; lastKnownFileType = file.sks; path = FireEmitter.sks; sourceTree = "<group>"; };
		F96D5AC124355C32008D328F /* Assets.xcassets */ = {isa = PBXFileReference; lastKnownFileType = folder.assetcatalog; path = Assets.xcassets; sourceTree = "<group>"; };
		F98D33E6241022E900A12F15 /* Juicy Way.app */ = {isa = PBXFileReference; explicitFileType = wrapper.application; includeInIndex = 0; path = "Juicy Way.app"; sourceTree = BUILT_PRODUCTS_DIR; };
		F98D33E9241022E900A12F15 /* AppDelegate.swift */ = {isa = PBXFileReference; lastKnownFileType = sourcecode.swift; path = AppDelegate.swift; sourceTree = "<group>"; };
		F98D33EB241022E900A12F15 /* GameScene.sks */ = {isa = PBXFileReference; lastKnownFileType = file.sks; path = GameScene.sks; sourceTree = "<group>"; };
		F98D33ED241022E900A12F15 /* Actions.sks */ = {isa = PBXFileReference; lastKnownFileType = file.sks; path = Actions.sks; sourceTree = "<group>"; };
		F98D33EF241022E900A12F15 /* GameScene.swift */ = {isa = PBXFileReference; lastKnownFileType = sourcecode.swift; path = GameScene.swift; sourceTree = "<group>"; };
		F98D33F1241022E900A12F15 /* GameViewController.swift */ = {isa = PBXFileReference; lastKnownFileType = sourcecode.swift; path = GameViewController.swift; sourceTree = "<group>"; };
		F98D33F4241022E900A12F15 /* Base */ = {isa = PBXFileReference; lastKnownFileType = file.storyboard; name = Base; path = Base.lproj/Main.storyboard; sourceTree = "<group>"; };
		F98D33F6241022EB00A12F15 /* Assets.xcassets */ = {isa = PBXFileReference; lastKnownFileType = folder.assetcatalog; path = Assets.xcassets; sourceTree = "<group>"; };
		F98D33F9241022EB00A12F15 /* Base */ = {isa = PBXFileReference; lastKnownFileType = file.storyboard; name = Base; path = Base.lproj/LaunchScreen.storyboard; sourceTree = "<group>"; };
		F98D33FB241022EB00A12F15 /* Info.plist */ = {isa = PBXFileReference; lastKnownFileType = text.plist.xml; path = Info.plist; sourceTree = "<group>"; };
		F9AC820F243294280010F7C3 /* Meteor.swift */ = {isa = PBXFileReference; lastKnownFileType = sourcecode.swift; path = Meteor.swift; sourceTree = "<group>"; };
		F9EBD9C32431868E008ABAD6 /* Powerup.swift */ = {isa = PBXFileReference; lastKnownFileType = sourcecode.swift; path = Powerup.swift; sourceTree = "<group>"; };
		F9EEDD85241AAB9400AB586C /* Rock.swift */ = {isa = PBXFileReference; lastKnownFileType = sourcecode.swift; path = Rock.swift; sourceTree = "<group>"; };
		F9EEDD87241AC5B400AB586C /* Star.swift */ = {isa = PBXFileReference; lastKnownFileType = sourcecode.swift; path = Star.swift; sourceTree = "<group>"; };
		F9EEDD8C241D5CBF00AB586C /* Stars.sks */ = {isa = PBXFileReference; lastKnownFileType = file.sks; path = Stars.sks; sourceTree = "<group>"; };
		F9EEDD8D241D5CBF00AB586C /* Assets.xcassets */ = {isa = PBXFileReference; lastKnownFileType = folder.assetcatalog; path = Assets.xcassets; sourceTree = "<group>"; };
		F9EEDD91241DC19E00AB586C /* nulshock.ttf */ = {isa = PBXFileReference; lastKnownFileType = file; path = nulshock.ttf; sourceTree = "<group>"; };
		F9F5300524181B9300276183 /* GameBackground.swift */ = {isa = PBXFileReference; lastKnownFileType = sourcecode.swift; path = GameBackground.swift; sourceTree = "<group>"; };
		F9F530072418212600276183 /* ContactMask.swift */ = {isa = PBXFileReference; lastKnownFileType = sourcecode.swift; path = ContactMask.swift; sourceTree = "<group>"; };
		F9F5300B2419656900276183 /* Wall.swift */ = {isa = PBXFileReference; lastKnownFileType = sourcecode.swift; path = Wall.swift; sourceTree = "<group>"; };
		F9FA4929242C162C000E16C9 /* Audiowide-Regular.ttf */ = {isa = PBXFileReference; lastKnownFileType = file; path = "Audiowide-Regular.ttf"; sourceTree = "<group>"; };
		F9FA492D242D3796000E16C9 /* Orange.swift */ = {isa = PBXFileReference; lastKnownFileType = sourcecode.swift; path = Orange.swift; sourceTree = "<group>"; };
/* End PBXFileReference section */

/* Begin PBXFrameworksBuildPhase section */
		F98D33E3241022E900A12F15 /* Frameworks */ = {
			isa = PBXFrameworksBuildPhase;
			buildActionMask = 2147483647;
			files = (
				58BC1590BAE0981C3E59C05B /* Pods_nanochallenge04.framework in Frameworks */,
				3F67D71824352BE00094421B /* GameKit.framework in Frameworks */,
			);
			runOnlyForDeploymentPostprocessing = 0;
		};
/* End PBXFrameworksBuildPhase section */

/* Begin PBXGroup section */
		3F44FF7D241DA5B900B323F0 /* Interface */ = {
			isa = PBXGroup;
			children = (
				3F6D9520241DA72800684229 /* MenuView.swift */,
				3F64AA63243392B900D6F3DF /* PopUpView.swift */,
				3F1E98B224284B6A0092375E /* TriggerButtonView.swift */,
				3F1E98B024281B1C0092375E /* ModalView.swift */,
				3F1E98AC2425E57A0092375E /* RocketView.swift */,
				3F56E9A424214CC3002C7010 /* ButtonConfView.swift */,
				3F294034241EE69B006C346E /* BGView.swift */,
				3FF59578241DB94700143510 /* GameView.swift */,
				3F56E9A224201CCC002C7010 /* Circle2View.swift */,
				3F1E98AE24272F330092375E /* CarouselView.swift */,
				3F0F7910242D4959002C5DFE /* OrangemeterView.swift */,
				3F67D719243537770094421B /* ShowRankings.swift */,
				3F497B8D2440FC7200AC45D1 /* SplashScreenView.swift */,
			);
			path = Interface;
			sourceTree = "<group>";
		};
		3F6D9522241DA8F500684229 /* Fonts */ = {
			isa = PBXGroup;
			children = (
				F9EEDD91241DC19E00AB586C /* nulshock.ttf */,
				F9FA4929242C162C000E16C9 /* Audiowide-Regular.ttf */,
			);
			path = Fonts;
			sourceTree = "<group>";
		};
		8E8FC81DB7563B61BAB11EFB /* Frameworks */ = {
			isa = PBXGroup;
			children = (
				3F67D71724352BE00094421B /* GameKit.framework */,
				526EA79EF71283E191DE39B0 /* Pods_nanochallenge04.framework */,
			);
			name = Frameworks;
			sourceTree = "<group>";
		};
		D515DAF839D666129DB5E539 /* Pods */ = {
			isa = PBXGroup;
			children = (
				92EC8D94F85C454752762AA9 /* Pods-nanochallenge04.debug.xcconfig */,
				740AF3A80EBE6C533C13857B /* Pods-nanochallenge04.release.xcconfig */,
			);
			path = Pods;
			sourceTree = "<group>";
		};
		F93D1603242144510073D4D8 /* Sound */ = {
			isa = PBXGroup;
			children = (
				F93C7E1B2423BC620098FFB5 /* pads.wav */,
				F93C7E1A2423BC620098FFB5 /* ambience.wav */,
			);
			path = Sound;
			sourceTree = "<group>";
		};
		F98D33DD241022E900A12F15 = {
			isa = PBXGroup;
			children = (
				F98D33E8241022E900A12F15 /* nanochallenge04 */,
				F98D33E7241022E900A12F15 /* Products */,
				D515DAF839D666129DB5E539 /* Pods */,
				8E8FC81DB7563B61BAB11EFB /* Frameworks */,
			);
			sourceTree = "<group>";
		};
		F98D33E7241022E900A12F15 /* Products */ = {
			isa = PBXGroup;
			children = (
				F98D33E6241022E900A12F15 /* Juicy Way.app */,
			);
			name = Products;
			sourceTree = "<group>";
		};
		F98D33E8241022E900A12F15 /* nanochallenge04 */ = {
			isa = PBXGroup;
			children = (
				F9EEDD8A241AC5D600AB586C /* Model */,
				F9EEDD8B241AC5F000AB586C /* GameScene */,
				3F44FF7D241DA5B900B323F0 /* Interface */,
				F93D1603242144510073D4D8 /* Sound */,
				F98D33E9241022E900A12F15 /* AppDelegate.swift */,
				F9F530072418212600276183 /* ContactMask.swift */,
				F958DC9D2412DC5D007FECFE /* Protocols.swift */,
				F98D33ED241022E900A12F15 /* Actions.sks */,
				F98D33F3241022E900A12F15 /* Main.storyboard */,
				3F6D9522241DA8F500684229 /* Fonts */,
				F98D33F6241022EB00A12F15 /* Assets.xcassets */,
				F98D33F8241022EB00A12F15 /* LaunchScreen.storyboard */,
				F98D33FB241022EB00A12F15 /* Info.plist */,
			);
			path = nanochallenge04;
			sourceTree = "<group>";
		};
		F9EEDD8A241AC5D600AB586C /* Model */ = {
			isa = PBXGroup;
			children = (
				F9EEDD8D241D5CBF00AB586C /* Assets.xcassets */,
				F9EEDD87241AC5B400AB586C /* Star.swift */,
				F9EEDD85241AAB9400AB586C /* Rock.swift */,
				F9AC820F243294280010F7C3 /* Meteor.swift */,
				F9F5300B2419656900276183 /* Wall.swift */,
				F958DC9B2412D271007FECFE /* Player.swift */,
				F9F5300524181B9300276183 /* GameBackground.swift */,
				F9FA492D242D3796000E16C9 /* Orange.swift */,
				F9EBD9C32431868E008ABAD6 /* Powerup.swift */,
			);
			path = Model;
			sourceTree = "<group>";
		};
		F9EEDD8B241AC5F000AB586C /* GameScene */ = {
			isa = PBXGroup;
			children = (
				F98D33EF241022E900A12F15 /* GameScene.swift */,
				F98D33EB241022E900A12F15 /* GameScene.sks */,
				F98D33F1241022E900A12F15 /* GameViewController.swift */,
				3FF5957A241DBCD800143510 /* ViewController.swift */,
				F9EEDD8C241D5CBF00AB586C /* Stars.sks */,
				F96D5ABE243557BE008D328F /* FireEmitter.sks */,
				F96D5AC124355C32008D328F /* Assets.xcassets */,
			);
			path = GameScene;
			sourceTree = "<group>";
		};
/* End PBXGroup section */

/* Begin PBXNativeTarget section */
		F98D33E5241022E900A12F15 /* nanochallenge04 */ = {
			isa = PBXNativeTarget;
			buildConfigurationList = F98D33FE241022EB00A12F15 /* Build configuration list for PBXNativeTarget "nanochallenge04" */;
			buildPhases = (
				4ECF035447895C155E83A8C7 /* [CP] Check Pods Manifest.lock */,
				F98D33E2241022E900A12F15 /* Sources */,
				F98D33E3241022E900A12F15 /* Frameworks */,
				F98D33E4241022E900A12F15 /* Resources */,
				8AC2AF129ED6CFC76CAA42FC /* [CP] Embed Pods Frameworks */,
			);
			buildRules = (
			);
			dependencies = (
			);
			name = nanochallenge04;
			productName = nanochallenge04;
			productReference = F98D33E6241022E900A12F15 /* Juicy Way.app */;
			productType = "com.apple.product-type.application";
		};
/* End PBXNativeTarget section */

/* Begin PBXProject section */
		F98D33DE241022E900A12F15 /* Project object */ = {
			isa = PBXProject;
			attributes = {
				LastSwiftUpdateCheck = 1130;
				LastUpgradeCheck = 1130;
				ORGANIZATIONNAME = "Apple Developer Academy";
				TargetAttributes = {
					F98D33E5241022E900A12F15 = {
						CreatedOnToolsVersion = 11.3.1;
					};
				};
			};
			buildConfigurationList = F98D33E1241022E900A12F15 /* Build configuration list for PBXProject "nanochallenge04" */;
			compatibilityVersion = "Xcode 9.3";
			developmentRegion = en;
			hasScannedForEncodings = 0;
			knownRegions = (
				en,
				Base,
			);
			mainGroup = F98D33DD241022E900A12F15;
			productRefGroup = F98D33E7241022E900A12F15 /* Products */;
			projectDirPath = "";
			projectRoot = "";
			targets = (
				F98D33E5241022E900A12F15 /* nanochallenge04 */,
			);
		};
/* End PBXProject section */

/* Begin PBXResourcesBuildPhase section */
		F98D33E4241022E900A12F15 /* Resources */ = {
			isa = PBXResourcesBuildPhase;
			buildActionMask = 2147483647;
			files = (
				F98D33F5241022E900A12F15 /* Main.storyboard in Resources */,
				F9EEDD93241DC19E00AB586C /* nulshock.ttf in Resources */,
				F96D5ABF243557BE008D328F /* FireEmitter.sks in Resources */,
				F93C7E1D2423BC620098FFB5 /* pads.wav in Resources */,
				F96D5AC324355C32008D328F /* Assets.xcassets in Resources */,
				F98D33EC241022E900A12F15 /* GameScene.sks in Resources */,
				F98D33F7241022EB00A12F15 /* Assets.xcassets in Resources */,
				F93C7E1C2423BC620098FFB5 /* ambience.wav in Resources */,
				F98D33FA241022EB00A12F15 /* LaunchScreen.storyboard in Resources */,
				F9EEDD8F241D5CBF00AB586C /* Assets.xcassets in Resources */,
				F98D33EE241022E900A12F15 /* Actions.sks in Resources */,
				F9EEDD8E241D5CBF00AB586C /* Stars.sks in Resources */,
				F9FA492A242C162C000E16C9 /* Audiowide-Regular.ttf in Resources */,
			);
			runOnlyForDeploymentPostprocessing = 0;
		};
/* End PBXResourcesBuildPhase section */

/* Begin PBXShellScriptBuildPhase section */
		4ECF035447895C155E83A8C7 /* [CP] Check Pods Manifest.lock */ = {
			isa = PBXShellScriptBuildPhase;
			buildActionMask = 2147483647;
			files = (
			);
			inputFileListPaths = (
			);
			inputPaths = (
				"${PODS_PODFILE_DIR_PATH}/Podfile.lock",
				"${PODS_ROOT}/Manifest.lock",
			);
			name = "[CP] Check Pods Manifest.lock";
			outputFileListPaths = (
			);
			outputPaths = (
				"$(DERIVED_FILE_DIR)/Pods-nanochallenge04-checkManifestLockResult.txt",
			);
			runOnlyForDeploymentPostprocessing = 0;
			shellPath = /bin/sh;
			shellScript = "diff \"${PODS_PODFILE_DIR_PATH}/Podfile.lock\" \"${PODS_ROOT}/Manifest.lock\" > /dev/null\nif [ $? != 0 ] ; then\n    # print error to STDERR\n    echo \"error: The sandbox is not in sync with the Podfile.lock. Run 'pod install' or update your CocoaPods installation.\" >&2\n    exit 1\nfi\n# This output is used by Xcode 'outputs' to avoid re-running this script phase.\necho \"SUCCESS\" > \"${SCRIPT_OUTPUT_FILE_0}\"\n";
			showEnvVarsInLog = 0;
		};
		8AC2AF129ED6CFC76CAA42FC /* [CP] Embed Pods Frameworks */ = {
			isa = PBXShellScriptBuildPhase;
			buildActionMask = 2147483647;
			files = (
			);
			inputFileListPaths = (
				"${PODS_ROOT}/Target Support Files/Pods-nanochallenge04/Pods-nanochallenge04-frameworks-${CONFIGURATION}-input-files.xcfilelist",
			);
			name = "[CP] Embed Pods Frameworks";
			outputFileListPaths = (
				"${PODS_ROOT}/Target Support Files/Pods-nanochallenge04/Pods-nanochallenge04-frameworks-${CONFIGURATION}-output-files.xcfilelist",
			);
			runOnlyForDeploymentPostprocessing = 0;
			shellPath = /bin/sh;
			shellScript = "\"${PODS_ROOT}/Target Support Files/Pods-nanochallenge04/Pods-nanochallenge04-frameworks.sh\"\n";
			showEnvVarsInLog = 0;
		};
/* End PBXShellScriptBuildPhase section */

/* Begin PBXSourcesBuildPhase section */
		F98D33E2241022E900A12F15 /* Sources */ = {
			isa = PBXSourcesBuildPhase;
			buildActionMask = 2147483647;
			files = (
				F9EEDD86241AAB9400AB586C /* Rock.swift in Sources */,
				F958DC9E2412DC5D007FECFE /* Protocols.swift in Sources */,
				F958DC9C2412D271007FECFE /* Player.swift in Sources */,
				3F56E9A324201CCC002C7010 /* Circle2View.swift in Sources */,
				3F1E98AF24272F330092375E /* CarouselView.swift in Sources */,
				F9EEDD88241AC5B500AB586C /* Star.swift in Sources */,
				F98D33F0241022E900A12F15 /* GameScene.swift in Sources */,
				F9F5300624181B9300276183 /* GameBackground.swift in Sources */,
				F9F530082418212600276183 /* ContactMask.swift in Sources */,
				F9EBD9C42431868E008ABAD6 /* Powerup.swift in Sources */,
				3F1E98B324284B6A0092375E /* TriggerButtonView.swift in Sources */,
				3F67D71A243537770094421B /* ShowRankings.swift in Sources */,
				3F497B8E2440FC7200AC45D1 /* SplashScreenView.swift in Sources */,
				F9AC8210243294280010F7C3 /* Meteor.swift in Sources */,
				3F1E98AD2425E57A0092375E /* RocketView.swift in Sources */,
				3F6D9521241DA72800684229 /* MenuView.swift in Sources */,
				3F1E98B124281B1C0092375E /* ModalView.swift in Sources */,
				3F64AA64243392B900D6F3DF /* PopUpView.swift in Sources */,
				3FF5957B241DBCD800143510 /* ViewController.swift in Sources */,
				F9F5300C2419656900276183 /* Wall.swift in Sources */,
				F9FA492E242D3796000E16C9 /* Orange.swift in Sources */,
				F98D33F2241022E900A12F15 /* GameViewController.swift in Sources */,
				3F56E9A524214CC3002C7010 /* ButtonConfView.swift in Sources */,
				3FF59579241DB94700143510 /* GameView.swift in Sources */,
				3F0F7911242D4959002C5DFE /* OrangemeterView.swift in Sources */,
				F98D33EA241022E900A12F15 /* AppDelegate.swift in Sources */,
				3F294035241EE69B006C346E /* BGView.swift in Sources */,
			);
			runOnlyForDeploymentPostprocessing = 0;
		};
/* End PBXSourcesBuildPhase section */

/* Begin PBXVariantGroup section */
		F98D33F3241022E900A12F15 /* Main.storyboard */ = {
			isa = PBXVariantGroup;
			children = (
				F98D33F4241022E900A12F15 /* Base */,
			);
			name = Main.storyboard;
			sourceTree = "<group>";
		};
		F98D33F8241022EB00A12F15 /* LaunchScreen.storyboard */ = {
			isa = PBXVariantGroup;
			children = (
				F98D33F9241022EB00A12F15 /* Base */,
			);
			name = LaunchScreen.storyboard;
			sourceTree = "<group>";
		};
/* End PBXVariantGroup section */

/* Begin XCBuildConfiguration section */
		F98D33FC241022EB00A12F15 /* Debug */ = {
			isa = XCBuildConfiguration;
			buildSettings = {
				ALWAYS_SEARCH_USER_PATHS = NO;
				CLANG_ANALYZER_NONNULL = YES;
				CLANG_ANALYZER_NUMBER_OBJECT_CONVERSION = YES_AGGRESSIVE;
				CLANG_CXX_LANGUAGE_STANDARD = "gnu++14";
				CLANG_CXX_LIBRARY = "libc++";
				CLANG_ENABLE_MODULES = YES;
				CLANG_ENABLE_OBJC_ARC = YES;
				CLANG_ENABLE_OBJC_WEAK = YES;
				CLANG_WARN_BLOCK_CAPTURE_AUTORELEASING = YES;
				CLANG_WARN_BOOL_CONVERSION = YES;
				CLANG_WARN_COMMA = YES;
				CLANG_WARN_CONSTANT_CONVERSION = YES;
				CLANG_WARN_DEPRECATED_OBJC_IMPLEMENTATIONS = YES;
				CLANG_WARN_DIRECT_OBJC_ISA_USAGE = YES_ERROR;
				CLANG_WARN_DOCUMENTATION_COMMENTS = YES;
				CLANG_WARN_EMPTY_BODY = YES;
				CLANG_WARN_ENUM_CONVERSION = YES;
				CLANG_WARN_INFINITE_RECURSION = YES;
				CLANG_WARN_INT_CONVERSION = YES;
				CLANG_WARN_NON_LITERAL_NULL_CONVERSION = YES;
				CLANG_WARN_OBJC_IMPLICIT_RETAIN_SELF = YES;
				CLANG_WARN_OBJC_LITERAL_CONVERSION = YES;
				CLANG_WARN_OBJC_ROOT_CLASS = YES_ERROR;
				CLANG_WARN_RANGE_LOOP_ANALYSIS = YES;
				CLANG_WARN_STRICT_PROTOTYPES = YES;
				CLANG_WARN_SUSPICIOUS_MOVE = YES;
				CLANG_WARN_UNGUARDED_AVAILABILITY = YES_AGGRESSIVE;
				CLANG_WARN_UNREACHABLE_CODE = YES;
				CLANG_WARN__DUPLICATE_METHOD_MATCH = YES;
				COPY_PHASE_STRIP = NO;
				DEBUG_INFORMATION_FORMAT = dwarf;
				ENABLE_STRICT_OBJC_MSGSEND = YES;
				ENABLE_TESTABILITY = YES;
				GCC_C_LANGUAGE_STANDARD = gnu11;
				GCC_DYNAMIC_NO_PIC = NO;
				GCC_NO_COMMON_BLOCKS = YES;
				GCC_OPTIMIZATION_LEVEL = 0;
				GCC_PREPROCESSOR_DEFINITIONS = (
					"DEBUG=1",
					"$(inherited)",
				);
				GCC_WARN_64_TO_32_BIT_CONVERSION = YES;
				GCC_WARN_ABOUT_RETURN_TYPE = YES_ERROR;
				GCC_WARN_UNDECLARED_SELECTOR = YES;
				GCC_WARN_UNINITIALIZED_AUTOS = YES_AGGRESSIVE;
				GCC_WARN_UNUSED_FUNCTION = YES;
				GCC_WARN_UNUSED_VARIABLE = YES;
				IPHONEOS_DEPLOYMENT_TARGET = 13.2;
				MTL_ENABLE_DEBUG_INFO = INCLUDE_SOURCE;
				MTL_FAST_MATH = YES;
				ONLY_ACTIVE_ARCH = YES;
				SDKROOT = iphoneos;
				SWIFT_ACTIVE_COMPILATION_CONDITIONS = DEBUG;
				SWIFT_OPTIMIZATION_LEVEL = "-Onone";
			};
			name = Debug;
		};
		F98D33FD241022EB00A12F15 /* Release */ = {
			isa = XCBuildConfiguration;
			buildSettings = {
				ALWAYS_SEARCH_USER_PATHS = NO;
				CLANG_ANALYZER_NONNULL = YES;
				CLANG_ANALYZER_NUMBER_OBJECT_CONVERSION = YES_AGGRESSIVE;
				CLANG_CXX_LANGUAGE_STANDARD = "gnu++14";
				CLANG_CXX_LIBRARY = "libc++";
				CLANG_ENABLE_MODULES = YES;
				CLANG_ENABLE_OBJC_ARC = YES;
				CLANG_ENABLE_OBJC_WEAK = YES;
				CLANG_WARN_BLOCK_CAPTURE_AUTORELEASING = YES;
				CLANG_WARN_BOOL_CONVERSION = YES;
				CLANG_WARN_COMMA = YES;
				CLANG_WARN_CONSTANT_CONVERSION = YES;
				CLANG_WARN_DEPRECATED_OBJC_IMPLEMENTATIONS = YES;
				CLANG_WARN_DIRECT_OBJC_ISA_USAGE = YES_ERROR;
				CLANG_WARN_DOCUMENTATION_COMMENTS = YES;
				CLANG_WARN_EMPTY_BODY = YES;
				CLANG_WARN_ENUM_CONVERSION = YES;
				CLANG_WARN_INFINITE_RECURSION = YES;
				CLANG_WARN_INT_CONVERSION = YES;
				CLANG_WARN_NON_LITERAL_NULL_CONVERSION = YES;
				CLANG_WARN_OBJC_IMPLICIT_RETAIN_SELF = YES;
				CLANG_WARN_OBJC_LITERAL_CONVERSION = YES;
				CLANG_WARN_OBJC_ROOT_CLASS = YES_ERROR;
				CLANG_WARN_RANGE_LOOP_ANALYSIS = YES;
				CLANG_WARN_STRICT_PROTOTYPES = YES;
				CLANG_WARN_SUSPICIOUS_MOVE = YES;
				CLANG_WARN_UNGUARDED_AVAILABILITY = YES_AGGRESSIVE;
				CLANG_WARN_UNREACHABLE_CODE = YES;
				CLANG_WARN__DUPLICATE_METHOD_MATCH = YES;
				COPY_PHASE_STRIP = NO;
				DEBUG_INFORMATION_FORMAT = "dwarf-with-dsym";
				ENABLE_NS_ASSERTIONS = NO;
				ENABLE_STRICT_OBJC_MSGSEND = YES;
				GCC_C_LANGUAGE_STANDARD = gnu11;
				GCC_NO_COMMON_BLOCKS = YES;
				GCC_WARN_64_TO_32_BIT_CONVERSION = YES;
				GCC_WARN_ABOUT_RETURN_TYPE = YES_ERROR;
				GCC_WARN_UNDECLARED_SELECTOR = YES;
				GCC_WARN_UNINITIALIZED_AUTOS = YES_AGGRESSIVE;
				GCC_WARN_UNUSED_FUNCTION = YES;
				GCC_WARN_UNUSED_VARIABLE = YES;
				IPHONEOS_DEPLOYMENT_TARGET = 13.2;
				MTL_ENABLE_DEBUG_INFO = NO;
				MTL_FAST_MATH = YES;
				SDKROOT = iphoneos;
				SWIFT_COMPILATION_MODE = wholemodule;
				SWIFT_OPTIMIZATION_LEVEL = "-O";
				VALIDATE_PRODUCT = YES;
			};
			name = Release;
		};
		F98D33FF241022EB00A12F15 /* Debug */ = {
			isa = XCBuildConfiguration;
			baseConfigurationReference = 92EC8D94F85C454752762AA9 /* Pods-nanochallenge04.debug.xcconfig */;
			buildSettings = {
				ASSETCATALOG_COMPILER_APPICON_NAME = AppIcon;
				CODE_SIGN_STYLE = Automatic;
				CURRENT_PROJECT_VERSION = 18;
				DEVELOPMENT_TEAM = ZAZRKU3BQ9;
				INFOPLIST_FILE = nanochallenge04/Info.plist;
				IPHONEOS_DEPLOYMENT_TARGET = 13.0;
				LD_RUNPATH_SEARCH_PATHS = (
					"$(inherited)",
					"@executable_path/Frameworks",
				);
				MARKETING_VERSION = 1.0;
				PRODUCT_BUNDLE_IDENTIFIER = com.rodolfodiniz.JuicyWay;
				PRODUCT_NAME = "Juicy Way";
				SWIFT_VERSION = 5.0;
				TARGETED_DEVICE_FAMILY = 1;
			};
			name = Debug;
		};
		F98D3400241022EB00A12F15 /* Release */ = {
			isa = XCBuildConfiguration;
			baseConfigurationReference = 740AF3A80EBE6C533C13857B /* Pods-nanochallenge04.release.xcconfig */;
			buildSettings = {
				ASSETCATALOG_COMPILER_APPICON_NAME = AppIcon;
				CODE_SIGN_STYLE = Automatic;
				CURRENT_PROJECT_VERSION = 18;
				DEVELOPMENT_TEAM = ZAZRKU3BQ9;
				INFOPLIST_FILE = nanochallenge04/Info.plist;
				IPHONEOS_DEPLOYMENT_TARGET = 13.0;
				LD_RUNPATH_SEARCH_PATHS = (
					"$(inherited)",
					"@executable_path/Frameworks",
				);
				MARKETING_VERSION = 1.0;
				PRODUCT_BUNDLE_IDENTIFIER = com.rodolfodiniz.JuicyWay;
				PRODUCT_NAME = "Juicy Way";
				SWIFT_VERSION = 5.0;
				TARGETED_DEVICE_FAMILY = 1;
			};
			name = Release;
		};
/* End XCBuildConfiguration section */

/* Begin XCConfigurationList section */
		F98D33E1241022E900A12F15 /* Build configuration list for PBXProject "nanochallenge04" */ = {
			isa = XCConfigurationList;
			buildConfigurations = (
				F98D33FC241022EB00A12F15 /* Debug */,
				F98D33FD241022EB00A12F15 /* Release */,
			);
			defaultConfigurationIsVisible = 0;
			defaultConfigurationName = Release;
		};
		F98D33FE241022EB00A12F15 /* Build configuration list for PBXNativeTarget "nanochallenge04" */ = {
			isa = XCConfigurationList;
			buildConfigurations = (
				F98D33FF241022EB00A12F15 /* Debug */,
				F98D3400241022EB00A12F15 /* Release */,
			);
			defaultConfigurationIsVisible = 0;
			defaultConfigurationName = Release;
		};
/* End XCConfigurationList section */
	};
	rootObject = F98D33DE241022E900A12F15 /* Project object */;
}
